
Microsoft Visual Studio Solution File, Format Version 12.00
# Visual Studio Version 17
VisualStudioVersion = 17.14.36203.30 d17.14
MinimumVisualStudioVersion = 10.0.40219.1
Project("{FAE04EC0-301F-11D3-BF4B-00C04F79EFBC}") = "OpenInTerminal", "OpenInTerminal\OpenInTerminal.csproj", "{2A624DFF-44DD-4B98-8EA9-EF38A2495F99}"
EndProject
Global
	GlobalSection(SolutionConfigurationPlatforms) = preSolution
		Debug|Any CPU = Debug|Any CPU
		Release|Any CPU = Release|Any CPU
	EndGlobalSection
	GlobalSection(ProjectConfigurationPlatforms) = postSolution
		{2A624DFF-44DD-4B98-8EA9-EF38A2495F99}.Debug|Any CPU.ActiveCfg = Debug|Any CPU
		{2A624DFF-44DD-4B98-8EA9-EF38A2495F99}.Debug|Any CPU.Build.0 = Debug|Any CPU
		{2A624DFF-44DD-4B98-8EA9-EF38A2495F99}.Release|Any CPU.ActiveCfg = Release|Any CPU
		{2A624DFF-44DD-4B98-8EA9-EF38A2495F99}.Release|Any CPU.Build.0 = Release|Any CPU
	EndGlobalSection
	GlobalSection(SolutionProperties) = preSolution
		HideSolutionNode = FALSE
	EndGlobalSection
	GlobalSection(ExtensibilityGlobals) = postSolution
		SolutionGuid = {ECA3068D-0C42-4A4B-B7AB-54843B86C6C0}
	EndGlobalSection
EndGlobal
